<?xml version="1.0" encoding="UTF-8"?>
<CodeBlocks_project_file>
	<FileVersion major="1" minor="6"/>
	<Project>
		<Option title="TeraServer"/>
		<Option makefile_is_custom="1"/>
		<Option compiler="msvc8"/>
		<Option virtualFolders="CMake Files\;CMake Files\python\;CMake Files\python\env\;CMake Files\python\messages\;CMake Files\python\docker\;CMake Files\easyrtc\;"/>
		<Build>
			<Target title="all">
				<Option working_dir="E:/Documents/GitHub/opentera/build-teraserver-Desktop_Qt_5_14_1_MSVC2017_64bit-Debug"/>
				<Option type="4"/>
				<MakeCommands>
					<Build command="jom /NOLOGO /f E:\Documents\GitHub\opentera\build-teraserver-Desktop_Qt_5_14_1_MSVC2017_64bit-Debug\Makefile VERBOSE=1 all"/>
					<CompileFile command="jom /NOLOGO /f E:\Documents\GitHub\opentera\build-teraserver-Desktop_Qt_5_14_1_MSVC2017_64bit-Debug\Makefile VERBOSE=1 &quot;$file&quot;"/>
					<Clean command="jom /NOLOGO /f E:\Documents\GitHub\opentera\build-teraserver-Desktop_Qt_5_14_1_MSVC2017_64bit-Debug\Makefile VERBOSE=1 clean"/>
					<DistClean command="jom /NOLOGO /f E:\Documents\GitHub\opentera\build-teraserver-Desktop_Qt_5_14_1_MSVC2017_64bit-Debug\Makefile VERBOSE=1 clean"/>
				</MakeCommands>
			</Target>
			<Target title="edit_cache">
				<Option working_dir="E:/Documents/GitHub/opentera/build-teraserver-Desktop_Qt_5_14_1_MSVC2017_64bit-Debug"/>
				<Option type="4"/>
				<MakeCommands>
					<Build command="jom /NOLOGO /f E:\Documents\GitHub\opentera\build-teraserver-Desktop_Qt_5_14_1_MSVC2017_64bit-Debug\Makefile VERBOSE=1 edit_cache"/>
					<CompileFile command="jom /NOLOGO /f E:\Documents\GitHub\opentera\build-teraserver-Desktop_Qt_5_14_1_MSVC2017_64bit-Debug\Makefile VERBOSE=1 &quot;$file&quot;"/>
					<Clean command="jom /NOLOGO /f E:\Documents\GitHub\opentera\build-teraserver-Desktop_Qt_5_14_1_MSVC2017_64bit-Debug\Makefile VERBOSE=1 clean"/>
					<DistClean command="jom /NOLOGO /f E:\Documents\GitHub\opentera\build-teraserver-Desktop_Qt_5_14_1_MSVC2017_64bit-Debug\Makefile VERBOSE=1 clean"/>
				</MakeCommands>
			</Target>
			<Target title="rebuild_cache">
				<Option working_dir="E:/Documents/GitHub/opentera/build-teraserver-Desktop_Qt_5_14_1_MSVC2017_64bit-Debug"/>
				<Option type="4"/>
				<MakeCommands>
					<Build command="jom /NOLOGO /f E:\Documents\GitHub\opentera\build-teraserver-Desktop_Qt_5_14_1_MSVC2017_64bit-Debug\Makefile VERBOSE=1 rebuild_cache"/>
					<CompileFile command="jom /NOLOGO /f E:\Documents\GitHub\opentera\build-teraserver-Desktop_Qt_5_14_1_MSVC2017_64bit-Debug\Makefile VERBOSE=1 &quot;$file&quot;"/>
					<Clean command="jom /NOLOGO /f E:\Documents\GitHub\opentera\build-teraserver-Desktop_Qt_5_14_1_MSVC2017_64bit-Debug\Makefile VERBOSE=1 clean"/>
					<DistClean command="jom /NOLOGO /f E:\Documents\GitHub\opentera\build-teraserver-Desktop_Qt_5_14_1_MSVC2017_64bit-Debug\Makefile VERBOSE=1 clean"/>
				</MakeCommands>
			</Target>
			<Target title="python_translations">
				<Option working_dir="E:/Documents/GitHub/opentera/build-teraserver-Desktop_Qt_5_14_1_MSVC2017_64bit-Debug/python"/>
				<Option type="4"/>
				<MakeCommands>
					<Build command="jom /NOLOGO /f E:\Documents\GitHub\opentera\build-teraserver-Desktop_Qt_5_14_1_MSVC2017_64bit-Debug\python\Makefile VERBOSE=1 python_translations"/>
					<CompileFile command="jom /NOLOGO /f E:\Documents\GitHub\opentera\build-teraserver-Desktop_Qt_5_14_1_MSVC2017_64bit-Debug\python\Makefile VERBOSE=1 &quot;$file&quot;"/>
					<Clean command="jom /NOLOGO /f E:\Documents\GitHub\opentera\build-teraserver-Desktop_Qt_5_14_1_MSVC2017_64bit-Debug\python\Makefile VERBOSE=1 clean"/>
					<DistClean command="jom /NOLOGO /f E:\Documents\GitHub\opentera\build-teraserver-Desktop_Qt_5_14_1_MSVC2017_64bit-Debug\python\Makefile VERBOSE=1 clean"/>
				</MakeCommands>
			</Target>
			<Target title="python-all">
				<Option working_dir="E:/Documents/GitHub/opentera/build-teraserver-Desktop_Qt_5_14_1_MSVC2017_64bit-Debug/python"/>
				<Option type="4"/>
				<MakeCommands>
					<Build command="jom /NOLOGO /f E:\Documents\GitHub\opentera\build-teraserver-Desktop_Qt_5_14_1_MSVC2017_64bit-Debug\python\Makefile VERBOSE=1 python-all"/>
					<CompileFile command="jom /NOLOGO /f E:\Documents\GitHub\opentera\build-teraserver-Desktop_Qt_5_14_1_MSVC2017_64bit-Debug\python\Makefile VERBOSE=1 &quot;$file&quot;"/>
					<Clean command="jom /NOLOGO /f E:\Documents\GitHub\opentera\build-teraserver-Desktop_Qt_5_14_1_MSVC2017_64bit-Debug\python\Makefile VERBOSE=1 clean"/>
					<DistClean command="jom /NOLOGO /f E:\Documents\GitHub\opentera\build-teraserver-Desktop_Qt_5_14_1_MSVC2017_64bit-Debug\python\Makefile VERBOSE=1 clean"/>
				</MakeCommands>
			</Target>
			<Target title="python-requirements">
				<Option working_dir="E:/Documents/GitHub/opentera/build-teraserver-Desktop_Qt_5_14_1_MSVC2017_64bit-Debug/python/env"/>
				<Option type="4"/>
				<MakeCommands>
					<Build command="jom /NOLOGO /f E:\Documents\GitHub\opentera\build-teraserver-Desktop_Qt_5_14_1_MSVC2017_64bit-Debug\python\env\Makefile VERBOSE=1 python-requirements"/>
					<CompileFile command="jom /NOLOGO /f E:\Documents\GitHub\opentera\build-teraserver-Desktop_Qt_5_14_1_MSVC2017_64bit-Debug\python\env\Makefile VERBOSE=1 &quot;$file&quot;"/>
					<Clean command="jom /NOLOGO /f E:\Documents\GitHub\opentera\build-teraserver-Desktop_Qt_5_14_1_MSVC2017_64bit-Debug\python\env\Makefile VERBOSE=1 clean"/>
					<DistClean command="jom /NOLOGO /f E:\Documents\GitHub\opentera\build-teraserver-Desktop_Qt_5_14_1_MSVC2017_64bit-Debug\python\env\Makefile VERBOSE=1 clean"/>
				</MakeCommands>
			</Target>
			<Target title="python-env">
				<Option working_dir="E:/Documents/GitHub/opentera/build-teraserver-Desktop_Qt_5_14_1_MSVC2017_64bit-Debug/python/env"/>
				<Option type="4"/>
				<MakeCommands>
					<Build command="jom /NOLOGO /f E:\Documents\GitHub\opentera\build-teraserver-Desktop_Qt_5_14_1_MSVC2017_64bit-Debug\python\env\Makefile VERBOSE=1 python-env"/>
					<CompileFile command="jom /NOLOGO /f E:\Documents\GitHub\opentera\build-teraserver-Desktop_Qt_5_14_1_MSVC2017_64bit-Debug\python\env\Makefile VERBOSE=1 &quot;$file&quot;"/>
					<Clean command="jom /NOLOGO /f E:\Documents\GitHub\opentera\build-teraserver-Desktop_Qt_5_14_1_MSVC2017_64bit-Debug\python\env\Makefile VERBOSE=1 clean"/>
					<DistClean command="jom /NOLOGO /f E:\Documents\GitHub\opentera\build-teraserver-Desktop_Qt_5_14_1_MSVC2017_64bit-Debug\python\env\Makefile VERBOSE=1 clean"/>
				</MakeCommands>
			</Target>
			<Target title="CreateSession.proto.target">
				<Option working_dir="E:/Documents/GitHub/opentera/build-teraserver-Desktop_Qt_5_14_1_MSVC2017_64bit-Debug/python/messages"/>
				<Option type="4"/>
				<MakeCommands>
					<Build command="jom /NOLOGO /f E:\Documents\GitHub\opentera\build-teraserver-Desktop_Qt_5_14_1_MSVC2017_64bit-Debug\python\messages\Makefile VERBOSE=1 CreateSession.proto.target"/>
					<CompileFile command="jom /NOLOGO /f E:\Documents\GitHub\opentera\build-teraserver-Desktop_Qt_5_14_1_MSVC2017_64bit-Debug\python\messages\Makefile VERBOSE=1 &quot;$file&quot;"/>
					<Clean command="jom /NOLOGO /f E:\Documents\GitHub\opentera\build-teraserver-Desktop_Qt_5_14_1_MSVC2017_64bit-Debug\python\messages\Makefile VERBOSE=1 clean"/>
					<DistClean command="jom /NOLOGO /f E:\Documents\GitHub\opentera\build-teraserver-Desktop_Qt_5_14_1_MSVC2017_64bit-Debug\python\messages\Makefile VERBOSE=1 clean"/>
				</MakeCommands>
			</Target>
			<Target title="JoinSessionEvent.proto.target">
				<Option working_dir="E:/Documents/GitHub/opentera/build-teraserver-Desktop_Qt_5_14_1_MSVC2017_64bit-Debug/python/messages"/>
				<Option type="4"/>
				<MakeCommands>
					<Build command="jom /NOLOGO /f E:\Documents\GitHub\opentera\build-teraserver-Desktop_Qt_5_14_1_MSVC2017_64bit-Debug\python\messages\Makefile VERBOSE=1 JoinSessionEvent.proto.target"/>
					<CompileFile command="jom /NOLOGO /f E:\Documents\GitHub\opentera\build-teraserver-Desktop_Qt_5_14_1_MSVC2017_64bit-Debug\python\messages\Makefile VERBOSE=1 &quot;$file&quot;"/>
					<Clean command="jom /NOLOGO /f E:\Documents\GitHub\opentera\build-teraserver-Desktop_Qt_5_14_1_MSVC2017_64bit-Debug\python\messages\Makefile VERBOSE=1 clean"/>
					<DistClean command="jom /NOLOGO /f E:\Documents\GitHub\opentera\build-teraserver-Desktop_Qt_5_14_1_MSVC2017_64bit-Debug\python\messages\Makefile VERBOSE=1 clean"/>
				</MakeCommands>
			</Target>
			<Target title="DeviceEvent.proto.target">
				<Option working_dir="E:/Documents/GitHub/opentera/build-teraserver-Desktop_Qt_5_14_1_MSVC2017_64bit-Debug/python/messages"/>
				<Option type="4"/>
				<MakeCommands>
					<Build command="jom /NOLOGO /f E:\Documents\GitHub\opentera\build-teraserver-Desktop_Qt_5_14_1_MSVC2017_64bit-Debug\python\messages\Makefile VERBOSE=1 DeviceEvent.proto.target"/>
					<CompileFile command="jom /NOLOGO /f E:\Documents\GitHub\opentera\build-teraserver-Desktop_Qt_5_14_1_MSVC2017_64bit-Debug\python\messages\Makefile VERBOSE=1 &quot;$file&quot;"/>
					<Clean command="jom /NOLOGO /f E:\Documents\GitHub\opentera\build-teraserver-Desktop_Qt_5_14_1_MSVC2017_64bit-Debug\python\messages\Makefile VERBOSE=1 clean"/>
					<DistClean command="jom /NOLOGO /f E:\Documents\GitHub\opentera\build-teraserver-Desktop_Qt_5_14_1_MSVC2017_64bit-Debug\python\messages\Makefile VERBOSE=1 clean"/>
				</MakeCommands>
			</Target>
			<Target title="TeraMessage.proto.target">
				<Option working_dir="E:/Documents/GitHub/opentera/build-teraserver-Desktop_Qt_5_14_1_MSVC2017_64bit-Debug/python/messages"/>
				<Option type="4"/>
				<MakeCommands>
					<Build command="jom /NOLOGO /f E:\Documents\GitHub\opentera\build-teraserver-Desktop_Qt_5_14_1_MSVC2017_64bit-Debug\python\messages\Makefile VERBOSE=1 TeraMessage.proto.target"/>
					<CompileFile command="jom /NOLOGO /f E:\Documents\GitHub\opentera\build-teraserver-Desktop_Qt_5_14_1_MSVC2017_64bit-Debug\python\messages\Makefile VERBOSE=1 &quot;$file&quot;"/>
					<Clean command="jom /NOLOGO /f E:\Documents\GitHub\opentera\build-teraserver-Desktop_Qt_5_14_1_MSVC2017_64bit-Debug\python\messages\Makefile VERBOSE=1 clean"/>
					<DistClean command="jom /NOLOGO /f E:\Documents\GitHub\opentera\build-teraserver-Desktop_Qt_5_14_1_MSVC2017_64bit-Debug\python\messages\Makefile VERBOSE=1 clean"/>
				</MakeCommands>
			</Target>
			<Target title="ParticipantEvent.proto.target">
				<Option working_dir="E:/Documents/GitHub/opentera/build-teraserver-Desktop_Qt_5_14_1_MSVC2017_64bit-Debug/python/messages"/>
				<Option type="4"/>
				<MakeCommands>
					<Build command="jom /NOLOGO /f E:\Documents\GitHub\opentera\build-teraserver-Desktop_Qt_5_14_1_MSVC2017_64bit-Debug\python\messages\Makefile VERBOSE=1 ParticipantEvent.proto.target"/>
					<CompileFile command="jom /NOLOGO /f E:\Documents\GitHub\opentera\build-teraserver-Desktop_Qt_5_14_1_MSVC2017_64bit-Debug\python\messages\Makefile VERBOSE=1 &quot;$file&quot;"/>
					<Clean command="jom /NOLOGO /f E:\Documents\GitHub\opentera\build-teraserver-Desktop_Qt_5_14_1_MSVC2017_64bit-Debug\python\messages\Makefile VERBOSE=1 clean"/>
					<DistClean command="jom /NOLOGO /f E:\Documents\GitHub\opentera\build-teraserver-Desktop_Qt_5_14_1_MSVC2017_64bit-Debug\python\messages\Makefile VERBOSE=1 clean"/>
				</MakeCommands>
			</Target>
			<Target title="python-messages">
				<Option working_dir="E:/Documents/GitHub/opentera/build-teraserver-Desktop_Qt_5_14_1_MSVC2017_64bit-Debug/python/messages"/>
				<Option type="4"/>
				<MakeCommands>
					<Build command="jom /NOLOGO /f E:\Documents\GitHub\opentera\build-teraserver-Desktop_Qt_5_14_1_MSVC2017_64bit-Debug\python\messages\Makefile VERBOSE=1 python-messages"/>
					<CompileFile command="jom /NOLOGO /f E:\Documents\GitHub\opentera\build-teraserver-Desktop_Qt_5_14_1_MSVC2017_64bit-Debug\python\messages\Makefile VERBOSE=1 &quot;$file&quot;"/>
					<Clean command="jom /NOLOGO /f E:\Documents\GitHub\opentera\build-teraserver-Desktop_Qt_5_14_1_MSVC2017_64bit-Debug\python\messages\Makefile VERBOSE=1 clean"/>
					<DistClean command="jom /NOLOGO /f E:\Documents\GitHub\opentera\build-teraserver-Desktop_Qt_5_14_1_MSVC2017_64bit-Debug\python\messages\Makefile VERBOSE=1 clean"/>
				</MakeCommands>
			</Target>
			<Target title="RPCMessage.proto.target">
				<Option working_dir="E:/Documents/GitHub/opentera/build-teraserver-Desktop_Qt_5_14_1_MSVC2017_64bit-Debug/python/messages"/>
				<Option type="4"/>
				<MakeCommands>
					<Build command="jom /NOLOGO /f E:\Documents\GitHub\opentera\build-teraserver-Desktop_Qt_5_14_1_MSVC2017_64bit-Debug\python\messages\Makefile VERBOSE=1 RPCMessage.proto.target"/>
					<CompileFile command="jom /NOLOGO /f E:\Documents\GitHub\opentera\build-teraserver-Desktop_Qt_5_14_1_MSVC2017_64bit-Debug\python\messages\Makefile VERBOSE=1 &quot;$file&quot;"/>
					<Clean command="jom /NOLOGO /f E:\Documents\GitHub\opentera\build-teraserver-Desktop_Qt_5_14_1_MSVC2017_64bit-Debug\python\messages\Makefile VERBOSE=1 clean"/>
					<DistClean command="jom /NOLOGO /f E:\Documents\GitHub\opentera\build-teraserver-Desktop_Qt_5_14_1_MSVC2017_64bit-Debug\python\messages\Makefile VERBOSE=1 clean"/>
				</MakeCommands>
			</Target>
			<Target title="ServerCommand.proto.target">
				<Option working_dir="E:/Documents/GitHub/opentera/build-teraserver-Desktop_Qt_5_14_1_MSVC2017_64bit-Debug/python/messages"/>
				<Option type="4"/>
				<MakeCommands>
					<Build command="jom /NOLOGO /f E:\Documents\GitHub\opentera\build-teraserver-Desktop_Qt_5_14_1_MSVC2017_64bit-Debug\python\messages\Makefile VERBOSE=1 ServerCommand.proto.target"/>
					<CompileFile command="jom /NOLOGO /f E:\Documents\GitHub\opentera\build-teraserver-Desktop_Qt_5_14_1_MSVC2017_64bit-Debug\python\messages\Makefile VERBOSE=1 &quot;$file&quot;"/>
					<Clean command="jom /NOLOGO /f E:\Documents\GitHub\opentera\build-teraserver-Desktop_Qt_5_14_1_MSVC2017_64bit-Debug\python\messages\Makefile VERBOSE=1 clean"/>
					<DistClean command="jom /NOLOGO /f E:\Documents\GitHub\opentera\build-teraserver-Desktop_Qt_5_14_1_MSVC2017_64bit-Debug\python\messages\Makefile VERBOSE=1 clean"/>
				</MakeCommands>
			</Target>
			<Target title="Result.proto.target">
				<Option working_dir="E:/Documents/GitHub/opentera/build-teraserver-Desktop_Qt_5_14_1_MSVC2017_64bit-Debug/python/messages"/>
				<Option type="4"/>
				<MakeCommands>
					<Build command="jom /NOLOGO /f E:\Documents\GitHub\opentera\build-teraserver-Desktop_Qt_5_14_1_MSVC2017_64bit-Debug\python\messages\Makefile VERBOSE=1 Result.proto.target"/>
					<CompileFile command="jom /NOLOGO /f E:\Documents\GitHub\opentera\build-teraserver-Desktop_Qt_5_14_1_MSVC2017_64bit-Debug\python\messages\Makefile VERBOSE=1 &quot;$file&quot;"/>
					<Clean command="jom /NOLOGO /f E:\Documents\GitHub\opentera\build-teraserver-Desktop_Qt_5_14_1_MSVC2017_64bit-Debug\python\messages\Makefile VERBOSE=1 clean"/>
					<DistClean command="jom /NOLOGO /f E:\Documents\GitHub\opentera\build-teraserver-Desktop_Qt_5_14_1_MSVC2017_64bit-Debug\python\messages\Makefile VERBOSE=1 clean"/>
				</MakeCommands>
			</Target>
			<Target title="StopSessionEvent.proto.target">
				<Option working_dir="E:/Documents/GitHub/opentera/build-teraserver-Desktop_Qt_5_14_1_MSVC2017_64bit-Debug/python/messages"/>
				<Option type="4"/>
				<MakeCommands>
					<Build command="jom /NOLOGO /f E:\Documents\GitHub\opentera\build-teraserver-Desktop_Qt_5_14_1_MSVC2017_64bit-Debug\python\messages\Makefile VERBOSE=1 StopSessionEvent.proto.target"/>
					<CompileFile command="jom /NOLOGO /f E:\Documents\GitHub\opentera\build-teraserver-Desktop_Qt_5_14_1_MSVC2017_64bit-Debug\python\messages\Makefile VERBOSE=1 &quot;$file&quot;"/>
					<Clean command="jom /NOLOGO /f E:\Documents\GitHub\opentera\build-teraserver-Desktop_Qt_5_14_1_MSVC2017_64bit-Debug\python\messages\Makefile VERBOSE=1 clean"/>
					<DistClean command="jom /NOLOGO /f E:\Documents\GitHub\opentera\build-teraserver-Desktop_Qt_5_14_1_MSVC2017_64bit-Debug\python\messages\Makefile VERBOSE=1 clean"/>
				</MakeCommands>
			</Target>
			<Target title="UserEvent.proto.target">
				<Option working_dir="E:/Documents/GitHub/opentera/build-teraserver-Desktop_Qt_5_14_1_MSVC2017_64bit-Debug/python/messages"/>
				<Option type="4"/>
				<MakeCommands>
					<Build command="jom /NOLOGO /f E:\Documents\GitHub\opentera\build-teraserver-Desktop_Qt_5_14_1_MSVC2017_64bit-Debug\python\messages\Makefile VERBOSE=1 UserEvent.proto.target"/>
					<CompileFile command="jom /NOLOGO /f E:\Documents\GitHub\opentera\build-teraserver-Desktop_Qt_5_14_1_MSVC2017_64bit-Debug\python\messages\Makefile VERBOSE=1 &quot;$file&quot;"/>
					<Clean command="jom /NOLOGO /f E:\Documents\GitHub\opentera\build-teraserver-Desktop_Qt_5_14_1_MSVC2017_64bit-Debug\python\messages\Makefile VERBOSE=1 clean"/>
					<DistClean command="jom /NOLOGO /f E:\Documents\GitHub\opentera\build-teraserver-Desktop_Qt_5_14_1_MSVC2017_64bit-Debug\python\messages\Makefile VERBOSE=1 clean"/>
				</MakeCommands>
			</Target>
			<Target title="docker-Dockerfile">
				<Option working_dir="E:/Documents/GitHub/opentera/build-teraserver-Desktop_Qt_5_14_1_MSVC2017_64bit-Debug/python/docker"/>
				<Option type="4"/>
				<MakeCommands>
					<Build command="jom /NOLOGO /f E:\Documents\GitHub\opentera\build-teraserver-Desktop_Qt_5_14_1_MSVC2017_64bit-Debug\python\docker\Makefile VERBOSE=1 docker-Dockerfile"/>
					<CompileFile command="jom /NOLOGO /f E:\Documents\GitHub\opentera\build-teraserver-Desktop_Qt_5_14_1_MSVC2017_64bit-Debug\python\docker\Makefile VERBOSE=1 &quot;$file&quot;"/>
					<Clean command="jom /NOLOGO /f E:\Documents\GitHub\opentera\build-teraserver-Desktop_Qt_5_14_1_MSVC2017_64bit-Debug\python\docker\Makefile VERBOSE=1 clean"/>
					<DistClean command="jom /NOLOGO /f E:\Documents\GitHub\opentera\build-teraserver-Desktop_Qt_5_14_1_MSVC2017_64bit-Debug\python\docker\Makefile VERBOSE=1 clean"/>
				</MakeCommands>
			</Target>
			<Target title="docker_ParticipantEvent.proto.target">
				<Option working_dir="E:/Documents/GitHub/opentera/build-teraserver-Desktop_Qt_5_14_1_MSVC2017_64bit-Debug/python/docker"/>
				<Option type="4"/>
				<MakeCommands>
					<Build command="jom /NOLOGO /f E:\Documents\GitHub\opentera\build-teraserver-Desktop_Qt_5_14_1_MSVC2017_64bit-Debug\python\docker\Makefile VERBOSE=1 docker_ParticipantEvent.proto.target"/>
					<CompileFile command="jom /NOLOGO /f E:\Documents\GitHub\opentera\build-teraserver-Desktop_Qt_5_14_1_MSVC2017_64bit-Debug\python\docker\Makefile VERBOSE=1 &quot;$file&quot;"/>
					<Clean command="jom /NOLOGO /f E:\Documents\GitHub\opentera\build-teraserver-Desktop_Qt_5_14_1_MSVC2017_64bit-Debug\python\docker\Makefile VERBOSE=1 clean"/>
					<DistClean command="jom /NOLOGO /f E:\Documents\GitHub\opentera\build-teraserver-Desktop_Qt_5_14_1_MSVC2017_64bit-Debug\python\docker\Makefile VERBOSE=1 clean"/>
				</MakeCommands>
			</Target>
			<Target title="docker-translations">
				<Option working_dir="E:/Documents/GitHub/opentera/build-teraserver-Desktop_Qt_5_14_1_MSVC2017_64bit-Debug/python/docker"/>
				<Option type="4"/>
				<MakeCommands>
					<Build command="jom /NOLOGO /f E:\Documents\GitHub\opentera\build-teraserver-Desktop_Qt_5_14_1_MSVC2017_64bit-Debug\python\docker\Makefile VERBOSE=1 docker-translations"/>
					<CompileFile command="jom /NOLOGO /f E:\Documents\GitHub\opentera\build-teraserver-Desktop_Qt_5_14_1_MSVC2017_64bit-Debug\python\docker\Makefile VERBOSE=1 &quot;$file&quot;"/>
					<Clean command="jom /NOLOGO /f E:\Documents\GitHub\opentera\build-teraserver-Desktop_Qt_5_14_1_MSVC2017_64bit-Debug\python\docker\Makefile VERBOSE=1 clean"/>
					<DistClean command="jom /NOLOGO /f E:\Documents\GitHub\opentera\build-teraserver-Desktop_Qt_5_14_1_MSVC2017_64bit-Debug\python\docker\Makefile VERBOSE=1 clean"/>
				</MakeCommands>
			</Target>
			<Target title="docker_CreateSession.proto.target">
				<Option working_dir="E:/Documents/GitHub/opentera/build-teraserver-Desktop_Qt_5_14_1_MSVC2017_64bit-Debug/python/docker"/>
				<Option type="4"/>
				<MakeCommands>
					<Build command="jom /NOLOGO /f E:\Documents\GitHub\opentera\build-teraserver-Desktop_Qt_5_14_1_MSVC2017_64bit-Debug\python\docker\Makefile VERBOSE=1 docker_CreateSession.proto.target"/>
					<CompileFile command="jom /NOLOGO /f E:\Documents\GitHub\opentera\build-teraserver-Desktop_Qt_5_14_1_MSVC2017_64bit-Debug\python\docker\Makefile VERBOSE=1 &quot;$file&quot;"/>
					<Clean command="jom /NOLOGO /f E:\Documents\GitHub\opentera\build-teraserver-Desktop_Qt_5_14_1_MSVC2017_64bit-Debug\python\docker\Makefile VERBOSE=1 clean"/>
					<DistClean command="jom /NOLOGO /f E:\Documents\GitHub\opentera\build-teraserver-Desktop_Qt_5_14_1_MSVC2017_64bit-Debug\python\docker\Makefile VERBOSE=1 clean"/>
				</MakeCommands>
			</Target>
			<Target title="docker_DeviceEvent.proto.target">
				<Option working_dir="E:/Documents/GitHub/opentera/build-teraserver-Desktop_Qt_5_14_1_MSVC2017_64bit-Debug/python/docker"/>
				<Option type="4"/>
				<MakeCommands>
					<Build command="jom /NOLOGO /f E:\Documents\GitHub\opentera\build-teraserver-Desktop_Qt_5_14_1_MSVC2017_64bit-Debug\python\docker\Makefile VERBOSE=1 docker_DeviceEvent.proto.target"/>
					<CompileFile command="jom /NOLOGO /f E:\Documents\GitHub\opentera\build-teraserver-Desktop_Qt_5_14_1_MSVC2017_64bit-Debug\python\docker\Makefile VERBOSE=1 &quot;$file&quot;"/>
					<Clean command="jom /NOLOGO /f E:\Documents\GitHub\opentera\build-teraserver-Desktop_Qt_5_14_1_MSVC2017_64bit-Debug\python\docker\Makefile VERBOSE=1 clean"/>
					<DistClean command="jom /NOLOGO /f E:\Documents\GitHub\opentera\build-teraserver-Desktop_Qt_5_14_1_MSVC2017_64bit-Debug\python\docker\Makefile VERBOSE=1 clean"/>
				</MakeCommands>
			</Target>
			<Target title="docker_JoinSessionEvent.proto.target">
				<Option working_dir="E:/Documents/GitHub/opentera/build-teraserver-Desktop_Qt_5_14_1_MSVC2017_64bit-Debug/python/docker"/>
				<Option type="4"/>
				<MakeCommands>
					<Build command="jom /NOLOGO /f E:\Documents\GitHub\opentera\build-teraserver-Desktop_Qt_5_14_1_MSVC2017_64bit-Debug\python\docker\Makefile VERBOSE=1 docker_JoinSessionEvent.proto.target"/>
					<CompileFile command="jom /NOLOGO /f E:\Documents\GitHub\opentera\build-teraserver-Desktop_Qt_5_14_1_MSVC2017_64bit-Debug\python\docker\Makefile VERBOSE=1 &quot;$file&quot;"/>
					<Clean command="jom /NOLOGO /f E:\Documents\GitHub\opentera\build-teraserver-Desktop_Qt_5_14_1_MSVC2017_64bit-Debug\python\docker\Makefile VERBOSE=1 clean"/>
					<DistClean command="jom /NOLOGO /f E:\Documents\GitHub\opentera\build-teraserver-Desktop_Qt_5_14_1_MSVC2017_64bit-Debug\python\docker\Makefile VERBOSE=1 clean"/>
				</MakeCommands>
			</Target>
			<Target title="docker_RPCMessage.proto.target">
				<Option working_dir="E:/Documents/GitHub/opentera/build-teraserver-Desktop_Qt_5_14_1_MSVC2017_64bit-Debug/python/docker"/>
				<Option type="4"/>
				<MakeCommands>
					<Build command="jom /NOLOGO /f E:\Documents\GitHub\opentera\build-teraserver-Desktop_Qt_5_14_1_MSVC2017_64bit-Debug\python\docker\Makefile VERBOSE=1 docker_RPCMessage.proto.target"/>
					<CompileFile command="jom /NOLOGO /f E:\Documents\GitHub\opentera\build-teraserver-Desktop_Qt_5_14_1_MSVC2017_64bit-Debug\python\docker\Makefile VERBOSE=1 &quot;$file&quot;"/>
					<Clean command="jom /NOLOGO /f E:\Documents\GitHub\opentera\build-teraserver-Desktop_Qt_5_14_1_MSVC2017_64bit-Debug\python\docker\Makefile VERBOSE=1 clean"/>
					<DistClean command="jom /NOLOGO /f E:\Documents\GitHub\opentera\build-teraserver-Desktop_Qt_5_14_1_MSVC2017_64bit-Debug\python\docker\Makefile VERBOSE=1 clean"/>
				</MakeCommands>
			</Target>
			<Target title="docker_Result.proto.target">
				<Option working_dir="E:/Documents/GitHub/opentera/build-teraserver-Desktop_Qt_5_14_1_MSVC2017_64bit-Debug/python/docker"/>
				<Option type="4"/>
				<MakeCommands>
					<Build command="jom /NOLOGO /f E:\Documents\GitHub\opentera\build-teraserver-Desktop_Qt_5_14_1_MSVC2017_64bit-Debug\python\docker\Makefile VERBOSE=1 docker_Result.proto.target"/>
					<CompileFile command="jom /NOLOGO /f E:\Documents\GitHub\opentera\build-teraserver-Desktop_Qt_5_14_1_MSVC2017_64bit-Debug\python\docker\Makefile VERBOSE=1 &quot;$file&quot;"/>
					<Clean command="jom /NOLOGO /f E:\Documents\GitHub\opentera\build-teraserver-Desktop_Qt_5_14_1_MSVC2017_64bit-Debug\python\docker\Makefile VERBOSE=1 clean"/>
					<DistClean command="jom /NOLOGO /f E:\Documents\GitHub\opentera\build-teraserver-Desktop_Qt_5_14_1_MSVC2017_64bit-Debug\python\docker\Makefile VERBOSE=1 clean"/>
				</MakeCommands>
			</Target>
			<Target title="docker_ServerCommand.proto.target">
				<Option working_dir="E:/Documents/GitHub/opentera/build-teraserver-Desktop_Qt_5_14_1_MSVC2017_64bit-Debug/python/docker"/>
				<Option type="4"/>
				<MakeCommands>
					<Build command="jom /NOLOGO /f E:\Documents\GitHub\opentera\build-teraserver-Desktop_Qt_5_14_1_MSVC2017_64bit-Debug\python\docker\Makefile VERBOSE=1 docker_ServerCommand.proto.target"/>
					<CompileFile command="jom /NOLOGO /f E:\Documents\GitHub\opentera\build-teraserver-Desktop_Qt_5_14_1_MSVC2017_64bit-Debug\python\docker\Makefile VERBOSE=1 &quot;$file&quot;"/>
					<Clean command="jom /NOLOGO /f E:\Documents\GitHub\opentera\build-teraserver-Desktop_Qt_5_14_1_MSVC2017_64bit-Debug\python\docker\Makefile VERBOSE=1 clean"/>
					<DistClean command="jom /NOLOGO /f E:\Documents\GitHub\opentera\build-teraserver-Desktop_Qt_5_14_1_MSVC2017_64bit-Debug\python\docker\Makefile VERBOSE=1 clean"/>
				</MakeCommands>
			</Target>
			<Target title="docker_StopSessionEvent.proto.target">
				<Option working_dir="E:/Documents/GitHub/opentera/build-teraserver-Desktop_Qt_5_14_1_MSVC2017_64bit-Debug/python/docker"/>
				<Option type="4"/>
				<MakeCommands>
					<Build command="jom /NOLOGO /f E:\Documents\GitHub\opentera\build-teraserver-Desktop_Qt_5_14_1_MSVC2017_64bit-Debug\python\docker\Makefile VERBOSE=1 docker_StopSessionEvent.proto.target"/>
					<CompileFile command="jom /NOLOGO /f E:\Documents\GitHub\opentera\build-teraserver-Desktop_Qt_5_14_1_MSVC2017_64bit-Debug\python\docker\Makefile VERBOSE=1 &quot;$file&quot;"/>
					<Clean command="jom /NOLOGO /f E:\Documents\GitHub\opentera\build-teraserver-Desktop_Qt_5_14_1_MSVC2017_64bit-Debug\python\docker\Makefile VERBOSE=1 clean"/>
					<DistClean command="jom /NOLOGO /f E:\Documents\GitHub\opentera\build-teraserver-Desktop_Qt_5_14_1_MSVC2017_64bit-Debug\python\docker\Makefile VERBOSE=1 clean"/>
				</MakeCommands>
			</Target>
			<Target title="docker_TeraMessage.proto.target">
				<Option working_dir="E:/Documents/GitHub/opentera/build-teraserver-Desktop_Qt_5_14_1_MSVC2017_64bit-Debug/python/docker"/>
				<Option type="4"/>
				<MakeCommands>
					<Build command="jom /NOLOGO /f E:\Documents\GitHub\opentera\build-teraserver-Desktop_Qt_5_14_1_MSVC2017_64bit-Debug\python\docker\Makefile VERBOSE=1 docker_TeraMessage.proto.target"/>
					<CompileFile command="jom /NOLOGO /f E:\Documents\GitHub\opentera\build-teraserver-Desktop_Qt_5_14_1_MSVC2017_64bit-Debug\python\docker\Makefile VERBOSE=1 &quot;$file&quot;"/>
					<Clean command="jom /NOLOGO /f E:\Documents\GitHub\opentera\build-teraserver-Desktop_Qt_5_14_1_MSVC2017_64bit-Debug\python\docker\Makefile VERBOSE=1 clean"/>
					<DistClean command="jom /NOLOGO /f E:\Documents\GitHub\opentera\build-teraserver-Desktop_Qt_5_14_1_MSVC2017_64bit-Debug\python\docker\Makefile VERBOSE=1 clean"/>
				</MakeCommands>
			</Target>
			<Target title="docker_UserEvent.proto.target">
				<Option working_dir="E:/Documents/GitHub/opentera/build-teraserver-Desktop_Qt_5_14_1_MSVC2017_64bit-Debug/python/docker"/>
				<Option type="4"/>
				<MakeCommands>
					<Build command="jom /NOLOGO /f E:\Documents\GitHub\opentera\build-teraserver-Desktop_Qt_5_14_1_MSVC2017_64bit-Debug\python\docker\Makefile VERBOSE=1 docker_UserEvent.proto.target"/>
					<CompileFile command="jom /NOLOGO /f E:\Documents\GitHub\opentera\build-teraserver-Desktop_Qt_5_14_1_MSVC2017_64bit-Debug\python\docker\Makefile VERBOSE=1 &quot;$file&quot;"/>
					<Clean command="jom /NOLOGO /f E:\Documents\GitHub\opentera\build-teraserver-Desktop_Qt_5_14_1_MSVC2017_64bit-Debug\python\docker\Makefile VERBOSE=1 clean"/>
					<DistClean command="jom /NOLOGO /f E:\Documents\GitHub\opentera\build-teraserver-Desktop_Qt_5_14_1_MSVC2017_64bit-Debug\python\docker\Makefile VERBOSE=1 clean"/>
				</MakeCommands>
			</Target>
			<Target title="docker-messages">
				<Option working_dir="E:/Documents/GitHub/opentera/build-teraserver-Desktop_Qt_5_14_1_MSVC2017_64bit-Debug/python/docker"/>
				<Option type="4"/>
				<MakeCommands>
					<Build command="jom /NOLOGO /f E:\Documents\GitHub\opentera\build-teraserver-Desktop_Qt_5_14_1_MSVC2017_64bit-Debug\python\docker\Makefile VERBOSE=1 docker-messages"/>
					<CompileFile command="jom /NOLOGO /f E:\Documents\GitHub\opentera\build-teraserver-Desktop_Qt_5_14_1_MSVC2017_64bit-Debug\python\docker\Makefile VERBOSE=1 &quot;$file&quot;"/>
					<Clean command="jom /NOLOGO /f E:\Documents\GitHub\opentera\build-teraserver-Desktop_Qt_5_14_1_MSVC2017_64bit-Debug\python\docker\Makefile VERBOSE=1 clean"/>
					<DistClean command="jom /NOLOGO /f E:\Documents\GitHub\opentera\build-teraserver-Desktop_Qt_5_14_1_MSVC2017_64bit-Debug\python\docker\Makefile VERBOSE=1 clean"/>
				</MakeCommands>
			</Target>
			<Target title="docker-all">
				<Option working_dir="E:/Documents/GitHub/opentera/build-teraserver-Desktop_Qt_5_14_1_MSVC2017_64bit-Debug/python/docker"/>
				<Option type="4"/>
				<MakeCommands>
					<Build command="jom /NOLOGO /f E:\Documents\GitHub\opentera\build-teraserver-Desktop_Qt_5_14_1_MSVC2017_64bit-Debug\python\docker\Makefile VERBOSE=1 docker-all"/>
					<CompileFile command="jom /NOLOGO /f E:\Documents\GitHub\opentera\build-teraserver-Desktop_Qt_5_14_1_MSVC2017_64bit-Debug\python\docker\Makefile VERBOSE=1 &quot;$file&quot;"/>
					<Clean command="jom /NOLOGO /f E:\Documents\GitHub\opentera\build-teraserver-Desktop_Qt_5_14_1_MSVC2017_64bit-Debug\python\docker\Makefile VERBOSE=1 clean"/>
					<DistClean command="jom /NOLOGO /f E:\Documents\GitHub\opentera\build-teraserver-Desktop_Qt_5_14_1_MSVC2017_64bit-Debug\python\docker\Makefile VERBOSE=1 clean"/>
				</MakeCommands>
			</Target>
			<Target title="easyrtc_install">
				<Option working_dir="E:/Documents/GitHub/opentera/build-teraserver-Desktop_Qt_5_14_1_MSVC2017_64bit-Debug/easyrtc"/>
				<Option type="4"/>
				<MakeCommands>
					<Build command="jom /NOLOGO /f E:\Documents\GitHub\opentera\build-teraserver-Desktop_Qt_5_14_1_MSVC2017_64bit-Debug\easyrtc\Makefile VERBOSE=1 easyrtc_install"/>
					<CompileFile command="jom /NOLOGO /f E:\Documents\GitHub\opentera\build-teraserver-Desktop_Qt_5_14_1_MSVC2017_64bit-Debug\easyrtc\Makefile VERBOSE=1 &quot;$file&quot;"/>
					<Clean command="jom /NOLOGO /f E:\Documents\GitHub\opentera\build-teraserver-Desktop_Qt_5_14_1_MSVC2017_64bit-Debug\easyrtc\Makefile VERBOSE=1 clean"/>
					<DistClean command="jom /NOLOGO /f E:\Documents\GitHub\opentera\build-teraserver-Desktop_Qt_5_14_1_MSVC2017_64bit-Debug\easyrtc\Makefile VERBOSE=1 clean"/>
				</MakeCommands>
			</Target>
		</Build>
		<Unit filename="E:/Documents/GitHub/opentera/teraserver/easyrtc/package.json">
			<Option target="easyrtc_install"/>
		</Unit>
		<Unit filename="E:/Documents/GitHub/opentera/teraserver/python/babel.cfg">
			<Option target="python_translations"/>
		</Unit>
		<Unit filename="E:/Documents/GitHub/opentera/teraserver/python/docker/Dockerfile">
			<Option target="docker-Dockerfile"/>
		</Unit>
		<Unit filename="E:/Documents/GitHub/opentera/teraserver/python/env/requirements.txt">
			<Option target="python-requirements"/>
		</Unit>
		<Unit filename="E:/Documents/GitHub/opentera/teraserver/CMakeLists.txt">
			<Option virtualFolder="CMake Files\"/>
		</Unit>
		<Unit filename="E:/Documents/GitHub/opentera/teraserver/python/CMakeLists.txt">
			<Option virtualFolder="CMake Files\python\"/>
		</Unit>
		<Unit filename="E:/Documents/GitHub/opentera/teraserver/python/env/CMakeLists.txt">
			<Option virtualFolder="CMake Files\python\env\"/>
		</Unit>
		<Unit filename="E:/Documents/GitHub/opentera/teraserver/python/messages/CMakeLists.txt">
			<Option virtualFolder="CMake Files\python\messages\"/>
		</Unit>
		<Unit filename="E:/Documents/GitHub/opentera/teraserver/python/docker/CMakeLists.txt">
			<Option virtualFolder="CMake Files\python\docker\"/>
		</Unit>
		<Unit filename="E:/Documents/GitHub/opentera/teraserver/easyrtc/CMakeLists.txt">
			<Option virtualFolder="CMake Files\easyrtc\"/>
		</Unit>
	</Project>
</CodeBlocks_project_file>
